
Microsoft Visual Studio Solution File, Format Version 12.00
# Visual Studio Version 17
VisualStudioVersion = 17.11.35222.181
MinimumVisualStudioVersion = 10.0.40219.1
Project("{FAE04EC0-301F-11D3-BF4B-00C04F79EFBC}") = "RestaurantSystem", "RestaurantSystem.csproj", "{F6EFB034-CCEB-4841-A392-2A0B0D87094E}"
EndProject
Global
	GlobalSection(SolutionConfigurationPlatforms) = preSolution
		Debug|Any CPU = Debug|Any CPU
		Release|Any CPU = Release|Any CPU
	EndGlobalSection
	GlobalSection(ProjectConfigurationPlatforms) = postSolution
		{F6EFB034-CCEB-4841-A392-2A0B0D87094E}.Debug|Any CPU.ActiveCfg = Debug|Any CPU
		{F6EFB034-CCEB-4841-A392-2A0B0D87094E}.Debug|Any CPU.Build.0 = Debug|Any CPU
		{F6EFB034-CCEB-4841-A392-2A0B0D87094E}.Release|Any CPU.ActiveCfg = Release|Any CPU
		{F6EFB034-CCEB-4841-A392-2A0B0D87094E}.Release|Any CPU.Build.0 = Release|Any CPU
	EndGlobalSection
	GlobalSection(SolutionProperties) = preSolution
		HideSolutionNode = FALSE
	EndGlobalSection
	GlobalSection(ExtensibilityGlobals) = postSolution
		SolutionGuid = {C0F6FA46-9AE6-43AA-B66D-EAFE441F24CB}
	EndGlobalSection
EndGlobal
