
Microsoft Visual Studio Solution File, Format Version 12.00
# Visual Studio Version 17
VisualStudioVersion = 17.11.35222.181
MinimumVisualStudioVersion = 10.0.40219.1
Project("{9A19103F-16F7-4668-BE54-9A1E7A4F7556}") = "HospitalManagementSystem", "HospitalManagementSystem.csproj", "{116777CE-DECF-4DBC-B492-66785D409B5E}"
EndProject
Project("{9A19103F-16F7-4668-BE54-9A1E7A4F7556}") = "HospitalManagementTests", "..\HospitalManagementTests\HospitalManagementTests.csproj", "{16A6B203-4E81-4DC5-A0E2-B6ABDF46C32A}"
EndProject
Global
	GlobalSection(SolutionConfigurationPlatforms) = preSolution
		Debug|Any CPU = Debug|Any CPU
		Release|Any CPU = Release|Any CPU
	EndGlobalSection
	GlobalSection(ProjectConfigurationPlatforms) = postSolution
		{116777CE-DECF-4DBC-B492-66785D409B5E}.Debug|Any CPU.ActiveCfg = Debug|Any CPU
		{116777CE-DECF-4DBC-B492-66785D409B5E}.Debug|Any CPU.Build.0 = Debug|Any CPU
		{116777CE-DECF-4DBC-B492-66785D409B5E}.Release|Any CPU.ActiveCfg = Release|Any CPU
		{116777CE-DECF-4DBC-B492-66785D409B5E}.Release|Any CPU.Build.0 = Release|Any CPU
		{16A6B203-4E81-4DC5-A0E2-B6ABDF46C32A}.Debug|Any CPU.ActiveCfg = Debug|Any CPU
		{16A6B203-4E81-4DC5-A0E2-B6ABDF46C32A}.Debug|Any CPU.Build.0 = Debug|Any CPU
		{16A6B203-4E81-4DC5-A0E2-B6ABDF46C32A}.Release|Any CPU.ActiveCfg = Release|Any CPU
		{16A6B203-4E81-4DC5-A0E2-B6ABDF46C32A}.Release|Any CPU.Build.0 = Release|Any CPU
	EndGlobalSection
	GlobalSection(SolutionProperties) = preSolution
		HideSolutionNode = FALSE
	EndGlobalSection
	GlobalSection(ExtensibilityGlobals) = postSolution
		SolutionGuid = {9017300A-228D-475F-8D33-E565EAEC3196}
	EndGlobalSection
EndGlobal
